{
  "originHash" : "629e54863236402c626ca39bde07977972969d8d186f7a4e02c86581a2406e5a",
  "pins" : [
    {
      "identity" : "posthog-ios",
      "kind" : "remoteSourceControl",
      "location" : "https://github.com/PostHog/posthog-ios.git",
      "state" : {
        "revision" : "fac9fc77380d2a38c3389f3cf4505a534921ee41",
        "version" : "3.35.1"
      }
    }
  ],
  "version" : 3
}
