<?xml version="1.0" encoding="UTF-8"?>
<Scheme
   LastUpgradeVersion = "1420"
   version = "1.3">
   <BuildAction
      parallelizeBuildables = "YES"
      buildImplicitDependencies = "YES">
      <BuildActionEntries>
         <BuildActionEntry
            buildForTesting = "YES"
            buildForRunning = "YES"
            buildForProfiling = "YES"
            buildForArchiving = "YES"
            buildForAnalyzing = "YES">
            <BuildableReference
               BuildableIdentifier = "primary"
               BlueprintIdentifier = "34DEDFC2232AB7FC00490FA5"
               BuildableName = "WXYC Wrist WatchKit Extension.appex"
               BlueprintName = "WXYC Wrist WatchKit Extension"
               ReferencedContainer = "container:WXYC.xcodeproj">
            </BuildableReference>
         </BuildActionEntry>
         <BuildActionEntry
            buildForTesting = "YES"
            buildForRunning = "YES"
            buildForProfiling = "YES"
            buildForArchiving = "YES"
            buildForAnalyzing = "YES">
            <BuildableReference
               BuildableIdentifier = "primary"
               BlueprintIdentifier = "34DEDFB0232AB7FB00490FA5"
               BuildableName = "WXYC Wrist.app"
               BlueprintName = "WXYC Wrist"
               ReferencedContainer = "container:WXYC.xcodeproj">
            </BuildableReference>
         </BuildActionEntry>
         <BuildActionEntry
            buildForTesting = "YES"
            buildForRunning = "YES"
            buildForProfiling = "YES"
            buildForArchiving = "YES"
            buildForAnalyzing = "YES">
            <BuildableReference
               BuildableIdentifier = "primary"
               BlueprintIdentifier = "34DEDFB3232AB7FB00490FA5"
               BuildableName = "WXYC Wrist WatchKit App.app"
               BlueprintName = "WXYC Wrist WatchKit App"
               ReferencedContainer = "container:WXYC.xcodeproj">
            </BuildableReference>
         </BuildActionEntry>
      </BuildActionEntries>
   </BuildAction>
   <TestAction
      buildConfiguration = "Debug"
      selectedDebuggerIdentifier = "Xcode.DebuggerFoundation.Debugger.LLDB"
      selectedLauncherIdentifier = "Xcode.DebuggerFoundation.Launcher.LLDB"
      shouldUseLaunchSchemeArgsEnv = "YES">
      <Testables>
      </Testables>
   </TestAction>
   <LaunchAction
      buildConfiguration = "Debug"
      selectedDebuggerIdentifier = ""
      selectedLauncherIdentifier = "Xcode.IDEFoundation.Launcher.PosixSpawn"
      launchStyle = "0"
      useCustomWorkingDirectory = "NO"
      ignoresPersistentStateOnLaunch = "NO"
      debugDocumentVersioning = "YES"
      debugServiceExtension = "internal"
      allowLocationSimulation = "YES">
      <RemoteRunnable
         runnableDebuggingMode = "2"
         BundleIdentifier = "com.apple.Carousel"
         RemotePath = "/WXYC Wrist WatchKit Extension">
         <BuildableReference
            BuildableIdentifier = "primary"
            BlueprintIdentifier = "34DEDFC2232AB7FC00490FA5"
            BuildableName = "WXYC Wrist WatchKit Extension.appex"
            BlueprintName = "WXYC Wrist WatchKit Extension"
            ReferencedContainer = "container:WXYC.xcodeproj">
         </BuildableReference>
      </RemoteRunnable>
   </LaunchAction>
   <ProfileAction
      buildConfiguration = "Release"
      shouldUseLaunchSchemeArgsEnv = "YES"
      savedToolIdentifier = ""
      useCustomWorkingDirectory = "NO"
      debugDocumentVersioning = "YES">
      <RemoteRunnable
         runnableDebuggingMode = "2"
         BundleIdentifier = "com.apple.Carousel"
         RemotePath = "/WXYC Wrist WatchKit Extension">
         <BuildableReference
            BuildableIdentifier = "primary"
            BlueprintIdentifier = "34DEDFC2232AB7FC00490FA5"
            BuildableName = "WXYC Wrist WatchKit Extension.appex"
            BlueprintName = "WXYC Wrist WatchKit Extension"
            ReferencedContainer = "container:WXYC.xcodeproj">
         </BuildableReference>
      </RemoteRunnable>
      <MacroExpansion>
         <BuildableReference
            BuildableIdentifier = "primary"
            BlueprintIdentifier = "34DEDFC2232AB7FC00490FA5"
            BuildableName = "WXYC Wrist WatchKit Extension.appex"
            BlueprintName = "WXYC Wrist WatchKit Extension"
            ReferencedContainer = "container:WXYC.xcodeproj">
         </BuildableReference>
      </MacroExpansion>
   </ProfileAction>
   <AnalyzeAction
      buildConfiguration = "Debug">
   </AnalyzeAction>
   <ArchiveAction
      buildConfiguration = "Release"
      revealArchiveInOrganizer = "YES">
   </ArchiveAction>
</Scheme>
