// !$*UTF8*$!
{
	archiveVersion = 1;
	classes = {
	};
	objectVersion = 48;
	objects = {

/* Begin PBXBuildFile section */
		341FBAB42041E7AB00CD2F36 /* PlaybackButton.swift in Sources */ = {isa = PBXBuildFile; fileRef = 3434FBF12030A1CC00FC778F /* PlaybackButton.swift */; };
		341FBABA2041E7AB00CD2F36 /* InfoDetailViewController.swift in Sources */ = {isa = PBXBuildFile; fileRef = 3434FBEC2030A1CC00FC778F /* InfoDetailViewController.swift */; };
		341FBABB2041E7AB00CD2F36 /* AppDelegate.swift in Sources */ = {isa = PBXBuildFile; fileRef = 3434FC012030A1CC00FC778F /* AppDelegate.swift */; };
		341FBABD2041E7AB00CD2F36 /* libCore.a in Frameworks */ = {isa = PBXBuildFile; fileRef = 3434007F2030A29600FC778F /* libCore.a */; };
		341FBABF2041E7AB00CD2F36 /* libUI.a in Frameworks */ = {isa = PBXBuildFile; fileRef = 343400942030A2C200FC778F /* libUI.a */; };
		341FBAC12041E7AB00CD2F36 /* InfoDetailViewController.xib in Resources */ = {isa = PBXBuildFile; fileRef = 3434FBE42030A1CC00FC778F /* InfoDetailViewController.xib */; };
		341FBAC82041E7AB00CD2F36 /* Today Widget.appex in Embed App Extensions */ = {isa = PBXBuildFile; fileRef = 343400632030A1E700FC778F /* Today Widget.appex */; settings = {ATTRIBUTES = (RemoveHeadersOnCopy, ); }; };
		343400662030A1E700FC778F /* NotificationCenter.framework in Frameworks */ = {isa = PBXBuildFile; fileRef = 343400652030A1E700FC778F /* NotificationCenter.framework */; };
		343400752030A20D00FC778F /* TodayViewController.swift in Sources */ = {isa = PBXBuildFile; fileRef = 3434F4E82030A1C600FC778F /* TodayViewController.swift */; };
		343400762030A21200FC778F /* TodayMain.storyboard in Resources */ = {isa = PBXBuildFile; fileRef = 3434F4E92030A1C600FC778F /* TodayMain.storyboard */; };
		343400862030A2AC00FC778F /* PlaylistEntry.swift in Sources */ = {isa = PBXBuildFile; fileRef = 3434FBF72030A1CC00FC778F /* PlaylistEntry.swift */; };
		343400892030A2AC00FC778F /* NowPlayingService.swift in Sources */ = {isa = PBXBuildFile; fileRef = 3434FBFA2030A1CC00FC778F /* NowPlayingService.swift */; };
		3434008A2030A2AC00FC778F /* LastFM.swift in Sources */ = {isa = PBXBuildFile; fileRef = 3434FBFB2030A1CC00FC778F /* LastFM.swift */; };
		3434008B2030A2AC00FC778F /* RadioPlayer.swift in Sources */ = {isa = PBXBuildFile; fileRef = 3434FBFC2030A1CC00FC778F /* RadioPlayer.swift */; };
		3434008C2030A2AC00FC778F /* iTunes.swift in Sources */ = {isa = PBXBuildFile; fileRef = 3434FBFD2030A1CC00FC778F /* iTunes.swift */; };
		3434008D2030A2AC00FC778F /* CacheCoordinator.swift in Sources */ = {isa = PBXBuildFile; fileRef = 3434FBFE2030A1CC00FC778F /* CacheCoordinator.swift */; };
		3434008E2030A2AC00FC778F /* RadioStation.swift in Sources */ = {isa = PBXBuildFile; fileRef = 3434FBFF2030A1CC00FC778F /* RadioStation.swift */; };
		3434009B2030A2CD00FC778F /* NowPlayingPresentable.swift in Sources */ = {isa = PBXBuildFile; fileRef = 3434FBF52030A1CC00FC778F /* NowPlayingPresentable.swift */; };
		343400B42030A61800FC778F /* libUI.a in Frameworks */ = {isa = PBXBuildFile; fileRef = 343400942030A2C200FC778F /* libUI.a */; };
		343400B52030A61E00FC778F /* libCore.a in Frameworks */ = {isa = PBXBuildFile; fileRef = 3434007F2030A29600FC778F /* libCore.a */; };
		343400D82030D6C800FC778F /* Assets.xcassets in Resources */ = {isa = PBXBuildFile; fileRef = 3434FC072030A1CC00FC778F /* Assets.xcassets */; };
		343400D92030D6D200FC778F /* TVMain.storyboard in Resources */ = {isa = PBXBuildFile; fileRef = 3434FC082030A1CC00FC778F /* TVMain.storyboard */; };
		343400DA2030D6D600FC778F /* TVViewController.swift in Sources */ = {isa = PBXBuildFile; fileRef = 3434FC0A2030A1CC00FC778F /* TVViewController.swift */; };
		343400DF2030D71A00FC778F /* libCore.a in Frameworks */ = {isa = PBXBuildFile; fileRef = 3434007F2030A29600FC778F /* libCore.a */; };
		343400E02030D71A00FC778F /* libUI.a in Frameworks */ = {isa = PBXBuildFile; fileRef = 343400942030A2C200FC778F /* libUI.a */; };
		343400EF2030E15000FC778F /* AppDelegate.swift in Sources */ = {isa = PBXBuildFile; fileRef = 3434FC012030A1CC00FC778F /* AppDelegate.swift */; };
		343400F12030E45A00FC778F /* Images.xcassets in Resources */ = {isa = PBXBuildFile; fileRef = 3434FBED2030A1CC00FC778F /* Images.xcassets */; };
		3435D4932224A34F00EA9226 /* ThreadSafe.swift in Sources */ = {isa = PBXBuildFile; fileRef = 3435D4912224A2F900EA9226 /* ThreadSafe.swift */; };
		3435D49D2225BB4C00EA9226 /* Cache.swift in Sources */ = {isa = PBXBuildFile; fileRef = 3435D49B2225BB2000EA9226 /* Cache.swift */; };
		3435D49E2225BB5A00EA9226 /* ImageCache.swift in Sources */ = {isa = PBXBuildFile; fileRef = 3435D4952225B9E400EA9226 /* ImageCache.swift */; };
		3435D49F2225BB8100EA9226 /* CachedRecord.swift in Sources */ = {isa = PBXBuildFile; fileRef = 3435D4992225BAFE00EA9226 /* CachedRecord.swift */; };
		3435D4A32225BE1A00EA9226 /* PlaylistCacheKeys.swift in Sources */ = {isa = PBXBuildFile; fileRef = 3435D4A12225BE1300EA9226 /* PlaylistCacheKeys.swift */; };
		343C15ED2453A1A600F18640 /* UIView+WXYC.swift in Sources */ = {isa = PBXBuildFile; fileRef = 3434FBE72030A1CC00FC778F /* UIView+WXYC.swift */; };
		343C15EE2453A1C500F18640 /* MPNowPlayingInfoCenter+NowPlayingServiceObserver.swift in Sources */ = {isa = PBXBuildFile; fileRef = 3434FBEF2030A1CC00FC778F /* MPNowPlayingInfoCenter+NowPlayingServiceObserver.swift */; };
		3441BFE321D145F40087D6AB /* PlayerHeader.swift in Sources */ = {isa = PBXBuildFile; fileRef = 3441BFE221D145F40087D6AB /* PlayerHeader.swift */; };
		3441BFE521D171300087D6AB /* SpinningAnimation.swift in Sources */ = {isa = PBXBuildFile; fileRef = 3441BFE421D171300087D6AB /* SpinningAnimation.swift */; };
		34425DA421B8A16E00C8DD5F /* ArtworkService.swift in Sources */ = {isa = PBXBuildFile; fileRef = 34425DA321B8A16E00C8DD5F /* ArtworkService.swift */; };
		34425DBE21B8BAE100C8DD5F /* libCore.a in Frameworks */ = {isa = PBXBuildFile; fileRef = 3434007F2030A29600FC778F /* libCore.a */; };
		34425DC521B8BB3900C8DD5F /* CacheTests.swift in Sources */ = {isa = PBXBuildFile; fileRef = 34765F622030F33E005C8321 /* CacheTests.swift */; };
		34585ADE21C5A3FD009662FA /* PlaylistViewController.swift in Sources */ = {isa = PBXBuildFile; fileRef = 34585ADD21C5A3FD009662FA /* PlaylistViewController.swift */; };
		34585AE121C5AEA8009662FA /* PlaylistService.swift in Sources */ = {isa = PBXBuildFile; fileRef = 34585ADF21C5AE9C009662FA /* PlaylistService.swift */; };
		34585AE421C7142D009662FA /* URLSession+WebSession.swift in Sources */ = {isa = PBXBuildFile; fileRef = 34585AE221C71401009662FA /* URLSession+WebSession.swift */; };
		345CF90C2307193A00865B56 /* RootPageViewController.swift in Sources */ = {isa = PBXBuildFile; fileRef = 345CF90B2307193A00865B56 /* RootPageViewController.swift */; };
		345CF90E2307250A00865B56 /* iOSMain.storyboard in Resources */ = {isa = PBXBuildFile; fileRef = 345CF90D2307250A00865B56 /* iOSMain.storyboard */; };
		348534A122287A65002AA181 /* PlayerHeader.xib in Resources */ = {isa = PBXBuildFile; fileRef = 348534A022287A65002AA181 /* PlayerHeader.xib */; };
		348534A4222F4E0D002AA181 /* PlaycutCell.swift in Sources */ = {isa = PBXBuildFile; fileRef = 348534A3222F4E0D002AA181 /* PlaycutCell.swift */; };
		348534A6222F4E51002AA181 /* TalksetCell.swift in Sources */ = {isa = PBXBuildFile; fileRef = 348534A5222F4E51002AA181 /* TalksetCell.swift */; };
		348534A8222F4E6D002AA181 /* BreakpointCell.swift in Sources */ = {isa = PBXBuildFile; fileRef = 348534A7222F4E6D002AA181 /* BreakpointCell.swift */; };
		3489DB3D278E137400264142 /* LaunchScreen.storyboard in Resources */ = {isa = PBXBuildFile; fileRef = 3489DB3C278E137400264142 /* LaunchScreen.storyboard */; };
		3489DB40278E174400264142 /* Images.xcassets in Resources */ = {isa = PBXBuildFile; fileRef = 3434FBED2030A1CC00FC778F /* Images.xcassets */; };
		34A067CE20393E42003D2919 /* PlaylistEntry.swift in Sources */ = {isa = PBXBuildFile; fileRef = 3434FBF72030A1CC00FC778F /* PlaylistEntry.swift */; };
		34A067D120394267003D2919 /* Images.xcassets in Resources */ = {isa = PBXBuildFile; fileRef = 3434FBED2030A1CC00FC778F /* Images.xcassets */; };
		34A2CA0321B9E4B100A31F48 /* ServiceTypes.swift in Sources */ = {isa = PBXBuildFile; fileRef = 34A2CA0121B9E46A00A31F48 /* ServiceTypes.swift */; };
		34B1882A21BB2B98005ADD84 /* Discogs.swift in Sources */ = {isa = PBXBuildFile; fileRef = 34B1882821BB29E0005ADD84 /* Discogs.swift */; };
		34B1890821C1C8BA005ADD84 /* IntentHandler.swift in Sources */ = {isa = PBXBuildFile; fileRef = 34B1890721C1C8BA005ADD84 /* IntentHandler.swift */; };
		34B1890C21C1C8BA005ADD84 /* iOS Intents Extension.appex in Embed App Extensions */ = {isa = PBXBuildFile; fileRef = 34B1890521C1C8BA005ADD84 /* iOS Intents Extension.appex */; settings = {ATTRIBUTES = (RemoveHeadersOnCopy, ); }; };
		34CEF91D22417AA400D120F7 /* PlaylistDataSource.swift in Sources */ = {isa = PBXBuildFile; fileRef = 34CEF91C22417AA400D120F7 /* PlaylistDataSource.swift */; };
		34CEF92022417B1C00D120F7 /* PlaylistCellViewModelProducer.swift in Sources */ = {isa = PBXBuildFile; fileRef = 34CEF91F22417B1C00D120F7 /* PlaylistCellViewModelProducer.swift */; };
		34CEF92222417C0000D120F7 /* PlaycutActivityItem.swift in Sources */ = {isa = PBXBuildFile; fileRef = 34CEF92122417C0000D120F7 /* PlaycutActivityItem.swift */; };
		34CEFA8E22419F5900D120F7 /* PlaylistCellViewModel.swift in Sources */ = {isa = PBXBuildFile; fileRef = 34CEFA8D22419F5900D120F7 /* PlaylistCellViewModel.swift */; };
		34D908562113EE5600AB8C79 /* RadioPlayerController.swift in Sources */ = {isa = PBXBuildFile; fileRef = 34D908542113EE4800AB8C79 /* RadioPlayerController.swift */; };
		34FA49A92231BD9C001D6040 /* InkingButton.swift in Sources */ = {isa = PBXBuildFile; fileRef = 34FA49A82231BD9C001D6040 /* InkingButton.swift */; };
		34FA49AB2236ED93001D6040 /* PlaycutCell.xib in Resources */ = {isa = PBXBuildFile; fileRef = 34FA49AA2236ED93001D6040 /* PlaycutCell.xib */; };
		34FA49AF2238766A001D6040 /* BreakpointCell.xib in Resources */ = {isa = PBXBuildFile; fileRef = 34FA49AE2238766A001D6040 /* BreakpointCell.xib */; };
		34FA49B1223876F0001D6040 /* TalksetCell.xib in Resources */ = {isa = PBXBuildFile; fileRef = 34FA49B0223876F0001D6040 /* TalksetCell.xib */; };
/* End PBXBuildFile section */

/* Begin PBXContainerItemProxy section */
		341FBAB22041E7AB00CD2F36 /* PBXContainerItemProxy */ = {
			isa = PBXContainerItemProxy;
			containerPortal = 3434F4BC2030A1A700FC778F /* Project object */;
			proxyType = 1;
			remoteGlobalIDString = 343400622030A1E700FC778F;
			remoteInfo = "Today Widget";
		};
		3434009C2030A2D500FC778F /* PBXContainerItemProxy */ = {
			isa = PBXContainerItemProxy;
			containerPortal = 3434F4BC2030A1A700FC778F /* Project object */;
			proxyType = 1;
			remoteGlobalIDString = 3434007E2030A29600FC778F;
			remoteInfo = Core;
		};
		34425DBF21B8BAE100C8DD5F /* PBXContainerItemProxy */ = {
			isa = PBXContainerItemProxy;
			containerPortal = 3434F4BC2030A1A700FC778F /* Project object */;
			proxyType = 1;
			remoteGlobalIDString = 3434007E2030A29600FC778F;
			remoteInfo = Core;
		};
		34B1890A21C1C8BA005ADD84 /* PBXContainerItemProxy */ = {
			isa = PBXContainerItemProxy;
			containerPortal = 3434F4BC2030A1A700FC778F /* Project object */;
			proxyType = 1;
			remoteGlobalIDString = 34B1890421C1C8BA005ADD84;
			remoteInfo = "iOS Intents Extension";
		};
/* End PBXContainerItemProxy section */

/* Begin PBXCopyFilesBuildPhase section */
		341FBAC72041E7AB00CD2F36 /* Embed App Extensions */ = {
			isa = PBXCopyFilesBuildPhase;
			buildActionMask = 2147483647;
			dstPath = "";
			dstSubfolderSpec = 13;
			files = (
				34B1890C21C1C8BA005ADD84 /* iOS Intents Extension.appex in Embed App Extensions */,
				341FBAC82041E7AB00CD2F36 /* Today Widget.appex in Embed App Extensions */,
			);
			name = "Embed App Extensions";
			runOnlyForDeploymentPostprocessing = 0;
		};
		3434007D2030A29600FC778F /* CopyFiles */ = {
			isa = PBXCopyFilesBuildPhase;
			buildActionMask = 2147483647;
			dstPath = "include/$(PRODUCT_NAME)";
			dstSubfolderSpec = 7;
			files = (
			);
			runOnlyForDeploymentPostprocessing = 0;
		};
		343400922030A2C200FC778F /* CopyFiles */ = {
			isa = PBXCopyFilesBuildPhase;
			buildActionMask = 2147483647;
			dstPath = "include/$(PRODUCT_NAME)";
			dstSubfolderSpec = 16;
			files = (
			);
			runOnlyForDeploymentPostprocessing = 0;
		};
/* End PBXCopyFilesBuildPhase section */

/* Begin PBXFileReference section */
		341FBACC2041E7AB00CD2F36 /* WXYC.app */ = {isa = PBXFileReference; explicitFileType = wrapper.application; includeInIndex = 0; path = WXYC.app; sourceTree = BUILT_PRODUCTS_DIR; };
		341FBACD2041E7AC00CD2F36 /* iOS Info.plist */ = {isa = PBXFileReference; lastKnownFileType = text.plist.xml; name = "iOS Info.plist"; path = "/Users/jakebromberg/source/personal/wxyc-ios-64/iOS/iOS Info.plist"; sourceTree = "<absolute>"; };
		343400632030A1E700FC778F /* Today Widget.appex */ = {isa = PBXFileReference; explicitFileType = "wrapper.app-extension"; includeInIndex = 0; path = "Today Widget.appex"; sourceTree = BUILT_PRODUCTS_DIR; };
		343400652030A1E700FC778F /* NotificationCenter.framework */ = {isa = PBXFileReference; lastKnownFileType = wrapper.framework; name = NotificationCenter.framework; path = System/Library/Frameworks/NotificationCenter.framework; sourceTree = SDKROOT; };
		3434007F2030A29600FC778F /* libCore.a */ = {isa = PBXFileReference; explicitFileType = archive.ar; includeInIndex = 0; path = libCore.a; sourceTree = BUILT_PRODUCTS_DIR; };
		343400942030A2C200FC778F /* libUI.a */ = {isa = PBXFileReference; explicitFileType = archive.ar; includeInIndex = 0; path = libUI.a; sourceTree = BUILT_PRODUCTS_DIR; };
		343400BB2030D62300FC778F /* WXYC TV.app */ = {isa = PBXFileReference; explicitFileType = wrapper.application; includeInIndex = 0; path = "WXYC TV.app"; sourceTree = BUILT_PRODUCTS_DIR; };
		3434F4E82030A1C600FC778F /* TodayViewController.swift */ = {isa = PBXFileReference; fileEncoding = 4; lastKnownFileType = sourcecode.swift; path = TodayViewController.swift; sourceTree = "<group>"; };
		3434F4EA2030A1C600FC778F /* Base */ = {isa = PBXFileReference; lastKnownFileType = file.storyboard; name = Base; path = Base.lproj/TodayMain.storyboard; sourceTree = "<group>"; };
		3434F4EB2030A1C600FC778F /* Info.plist */ = {isa = PBXFileReference; fileEncoding = 4; lastKnownFileType = text.plist.xml; path = Info.plist; sourceTree = "<group>"; };
		3434FBE42030A1CC00FC778F /* InfoDetailViewController.xib */ = {isa = PBXFileReference; fileEncoding = 4; lastKnownFileType = file.xib; path = InfoDetailViewController.xib; sourceTree = "<group>"; };
		3434FBE72030A1CC00FC778F /* UIView+WXYC.swift */ = {isa = PBXFileReference; fileEncoding = 4; lastKnownFileType = sourcecode.swift; path = "UIView+WXYC.swift"; sourceTree = "<group>"; };
		3434FBEC2030A1CC00FC778F /* InfoDetailViewController.swift */ = {isa = PBXFileReference; fileEncoding = 4; lastKnownFileType = sourcecode.swift; path = InfoDetailViewController.swift; sourceTree = "<group>"; };
		3434FBED2030A1CC00FC778F /* Images.xcassets */ = {isa = PBXFileReference; lastKnownFileType = folder.assetcatalog; path = Images.xcassets; sourceTree = "<group>"; };
		3434FBEF2030A1CC00FC778F /* MPNowPlayingInfoCenter+NowPlayingServiceObserver.swift */ = {isa = PBXFileReference; fileEncoding = 4; lastKnownFileType = sourcecode.swift; path = "MPNowPlayingInfoCenter+NowPlayingServiceObserver.swift"; sourceTree = "<group>"; };
		3434FBF12030A1CC00FC778F /* PlaybackButton.swift */ = {isa = PBXFileReference; fileEncoding = 4; lastKnownFileType = sourcecode.swift; path = PlaybackButton.swift; sourceTree = "<group>"; };
		3434FBF52030A1CC00FC778F /* NowPlayingPresentable.swift */ = {isa = PBXFileReference; fileEncoding = 4; lastKnownFileType = sourcecode.swift; path = NowPlayingPresentable.swift; sourceTree = "<group>"; };
		3434FBF72030A1CC00FC778F /* PlaylistEntry.swift */ = {isa = PBXFileReference; fileEncoding = 4; lastKnownFileType = sourcecode.swift; path = PlaylistEntry.swift; sourceTree = "<group>"; };
		3434FBFA2030A1CC00FC778F /* NowPlayingService.swift */ = {isa = PBXFileReference; fileEncoding = 4; lastKnownFileType = sourcecode.swift; path = NowPlayingService.swift; sourceTree = "<group>"; };
		3434FBFB2030A1CC00FC778F /* LastFM.swift */ = {isa = PBXFileReference; fileEncoding = 4; lastKnownFileType = sourcecode.swift; path = LastFM.swift; sourceTree = "<group>"; };
		3434FBFC2030A1CC00FC778F /* RadioPlayer.swift */ = {isa = PBXFileReference; fileEncoding = 4; lastKnownFileType = sourcecode.swift; path = RadioPlayer.swift; sourceTree = "<group>"; };
		3434FBFD2030A1CC00FC778F /* iTunes.swift */ = {isa = PBXFileReference; fileEncoding = 4; lastKnownFileType = sourcecode.swift; path = iTunes.swift; sourceTree = "<group>"; };
		3434FBFE2030A1CC00FC778F /* CacheCoordinator.swift */ = {isa = PBXFileReference; fileEncoding = 4; indentWidth = 4; lastKnownFileType = sourcecode.swift; path = CacheCoordinator.swift; sourceTree = "<group>"; };
		3434FBFF2030A1CC00FC778F /* RadioStation.swift */ = {isa = PBXFileReference; fileEncoding = 4; lastKnownFileType = sourcecode.swift; path = RadioStation.swift; sourceTree = "<group>"; };
		3434FC012030A1CC00FC778F /* AppDelegate.swift */ = {isa = PBXFileReference; fileEncoding = 4; lastKnownFileType = sourcecode.swift; path = AppDelegate.swift; sourceTree = "<group>"; };
		3434FC072030A1CC00FC778F /* Assets.xcassets */ = {isa = PBXFileReference; lastKnownFileType = folder.assetcatalog; path = Assets.xcassets; sourceTree = "<group>"; };
		3434FC092030A1CC00FC778F /* Base */ = {isa = PBXFileReference; lastKnownFileType = file.storyboard; name = Base; path = Base.lproj/TVMain.storyboard; sourceTree = "<group>"; };
		3434FC0A2030A1CC00FC778F /* TVViewController.swift */ = {isa = PBXFileReference; fileEncoding = 4; lastKnownFileType = sourcecode.swift; path = TVViewController.swift; sourceTree = "<group>"; };
		3434FC0B2030A1CC00FC778F /* Info.plist */ = {isa = PBXFileReference; fileEncoding = 4; lastKnownFileType = text.plist.xml; path = Info.plist; sourceTree = "<group>"; };
		3435D4912224A2F900EA9226 /* ThreadSafe.swift */ = {isa = PBXFileReference; lastKnownFileType = sourcecode.swift; path = ThreadSafe.swift; sourceTree = "<group>"; };
		3435D4952225B9E400EA9226 /* ImageCache.swift */ = {isa = PBXFileReference; lastKnownFileType = sourcecode.swift; path = ImageCache.swift; sourceTree = "<group>"; };
		3435D4992225BAFE00EA9226 /* CachedRecord.swift */ = {isa = PBXFileReference; lastKnownFileType = sourcecode.swift; path = CachedRecord.swift; sourceTree = "<group>"; };
		3435D49B2225BB2000EA9226 /* Cache.swift */ = {isa = PBXFileReference; lastKnownFileType = sourcecode.swift; path = Cache.swift; sourceTree = "<group>"; };
		3435D4A12225BE1300EA9226 /* PlaylistCacheKeys.swift */ = {isa = PBXFileReference; lastKnownFileType = sourcecode.swift; path = PlaylistCacheKeys.swift; sourceTree = "<group>"; };
		3441BFE221D145F40087D6AB /* PlayerHeader.swift */ = {isa = PBXFileReference; lastKnownFileType = sourcecode.swift; path = PlayerHeader.swift; sourceTree = "<group>"; };
		3441BFE421D171300087D6AB /* SpinningAnimation.swift */ = {isa = PBXFileReference; lastKnownFileType = sourcecode.swift; path = SpinningAnimation.swift; sourceTree = "<group>"; };
		34425DA321B8A16E00C8DD5F /* ArtworkService.swift */ = {isa = PBXFileReference; lastKnownFileType = sourcecode.swift; path = ArtworkService.swift; sourceTree = "<group>"; };
		34425DB921B8BAE100C8DD5F /* Core Tests.xctest */ = {isa = PBXFileReference; explicitFileType = wrapper.cfbundle; includeInIndex = 0; path = "Core Tests.xctest"; sourceTree = BUILT_PRODUCTS_DIR; };
		34425DBD21B8BAE100C8DD5F /* Info.plist */ = {isa = PBXFileReference; lastKnownFileType = text.plist.xml; path = Info.plist; sourceTree = "<group>"; };
		344C0D8B204B5A1C008FCB05 /* Info.plist */ = {isa = PBXFileReference; lastKnownFileType = text.plist.xml; path = Info.plist; sourceTree = "<group>"; };
		34585ADD21C5A3FD009662FA /* PlaylistViewController.swift */ = {isa = PBXFileReference; lastKnownFileType = sourcecode.swift; path = PlaylistViewController.swift; sourceTree = "<group>"; };
		34585ADF21C5AE9C009662FA /* PlaylistService.swift */ = {isa = PBXFileReference; indentWidth = 4; lastKnownFileType = sourcecode.swift; path = PlaylistService.swift; sourceTree = "<group>"; };
		34585AE221C71401009662FA /* URLSession+WebSession.swift */ = {isa = PBXFileReference; lastKnownFileType = sourcecode.swift; path = "URLSession+WebSession.swift"; sourceTree = "<group>"; };
		345CF90B2307193A00865B56 /* RootPageViewController.swift */ = {isa = PBXFileReference; lastKnownFileType = sourcecode.swift; path = RootPageViewController.swift; sourceTree = "<group>"; };
		345CF90D2307250A00865B56 /* iOSMain.storyboard */ = {isa = PBXFileReference; lastKnownFileType = file.storyboard; path = iOSMain.storyboard; sourceTree = "<group>"; };
		34765F622030F33E005C8321 /* CacheTests.swift */ = {isa = PBXFileReference; lastKnownFileType = sourcecode.swift; name = CacheTests.swift; path = "../WXYC Tests/CacheTests.swift"; sourceTree = "<group>"; };
		348369202030F88A0029E28E /* NowPlayingServiceTests.swift */ = {isa = PBXFileReference; lastKnownFileType = sourcecode.swift; path = NowPlayingServiceTests.swift; sourceTree = "<group>"; };
		348534A022287A65002AA181 /* PlayerHeader.xib */ = {isa = PBXFileReference; lastKnownFileType = file.xib; path = PlayerHeader.xib; sourceTree = "<group>"; };
		348534A3222F4E0D002AA181 /* PlaycutCell.swift */ = {isa = PBXFileReference; lastKnownFileType = sourcecode.swift; path = PlaycutCell.swift; sourceTree = "<group>"; };
		348534A5222F4E51002AA181 /* TalksetCell.swift */ = {isa = PBXFileReference; lastKnownFileType = sourcecode.swift; path = TalksetCell.swift; sourceTree = "<group>"; };
		348534A7222F4E6D002AA181 /* BreakpointCell.swift */ = {isa = PBXFileReference; lastKnownFileType = sourcecode.swift; path = BreakpointCell.swift; sourceTree = "<group>"; };
		3489DB3C278E137400264142 /* LaunchScreen.storyboard */ = {isa = PBXFileReference; lastKnownFileType = file.storyboard; path = LaunchScreen.storyboard; sourceTree = "<group>"; };
		34A2CA0121B9E46A00A31F48 /* ServiceTypes.swift */ = {isa = PBXFileReference; lastKnownFileType = sourcecode.swift; path = ServiceTypes.swift; sourceTree = "<group>"; };
		34B1882821BB29E0005ADD84 /* Discogs.swift */ = {isa = PBXFileReference; lastKnownFileType = sourcecode.swift; path = Discogs.swift; sourceTree = "<group>"; };
		34B188BA21C1A099005ADD84 /* IntentsUI.framework */ = {isa = PBXFileReference; lastKnownFileType = wrapper.framework; name = IntentsUI.framework; path = System/Library/Frameworks/IntentsUI.framework; sourceTree = SDKROOT; };
		34B188CF21C1C5B0005ADD84 /* WXYC.entitlements */ = {isa = PBXFileReference; lastKnownFileType = text.plist.entitlements; path = WXYC.entitlements; sourceTree = "<group>"; };
		34B1890521C1C8BA005ADD84 /* iOS Intents Extension.appex */ = {isa = PBXFileReference; explicitFileType = "wrapper.app-extension"; includeInIndex = 0; path = "iOS Intents Extension.appex"; sourceTree = BUILT_PRODUCTS_DIR; };
		34B1890721C1C8BA005ADD84 /* IntentHandler.swift */ = {isa = PBXFileReference; lastKnownFileType = sourcecode.swift; path = IntentHandler.swift; sourceTree = "<group>"; };
		34B1890921C1C8BA005ADD84 /* Info.plist */ = {isa = PBXFileReference; lastKnownFileType = text.plist.xml; path = Info.plist; sourceTree = "<group>"; };
		34BB8E5B204B5B9C0089F6C7 /* Foundation.framework */ = {isa = PBXFileReference; lastKnownFileType = wrapper.framework; name = Foundation.framework; path = System/Library/Frameworks/Foundation.framework; sourceTree = SDKROOT; };
		34CEF91C22417AA400D120F7 /* PlaylistDataSource.swift */ = {isa = PBXFileReference; lastKnownFileType = sourcecode.swift; path = PlaylistDataSource.swift; sourceTree = "<group>"; };
		34CEF91F22417B1C00D120F7 /* PlaylistCellViewModelProducer.swift */ = {isa = PBXFileReference; lastKnownFileType = sourcecode.swift; path = PlaylistCellViewModelProducer.swift; sourceTree = "<group>"; };
		34CEF92122417C0000D120F7 /* PlaycutActivityItem.swift */ = {isa = PBXFileReference; lastKnownFileType = sourcecode.swift; path = PlaycutActivityItem.swift; sourceTree = "<group>"; };
		34CEFA8D22419F5900D120F7 /* PlaylistCellViewModel.swift */ = {isa = PBXFileReference; lastKnownFileType = sourcecode.swift; path = PlaylistCellViewModel.swift; sourceTree = "<group>"; };
		34D908542113EE4800AB8C79 /* RadioPlayerController.swift */ = {isa = PBXFileReference; lastKnownFileType = sourcecode.swift; path = RadioPlayerController.swift; sourceTree = "<group>"; };
		34FA49A82231BD9C001D6040 /* InkingButton.swift */ = {isa = PBXFileReference; lastKnownFileType = sourcecode.swift; path = InkingButton.swift; sourceTree = "<group>"; };
		34FA49AA2236ED93001D6040 /* PlaycutCell.xib */ = {isa = PBXFileReference; lastKnownFileType = file.xib; path = PlaycutCell.xib; sourceTree = "<group>"; };
		34FA49AE2238766A001D6040 /* BreakpointCell.xib */ = {isa = PBXFileReference; lastKnownFileType = file.xib; path = BreakpointCell.xib; sourceTree = "<group>"; };
		34FA49B0223876F0001D6040 /* TalksetCell.xib */ = {isa = PBXFileReference; lastKnownFileType = file.xib; path = TalksetCell.xib; sourceTree = "<group>"; };
		AD4FAC2821B61AF5006C9995 /* WXYC TV.entitlements */ = {isa = PBXFileReference; lastKnownFileType = text.plist.entitlements; path = "WXYC TV.entitlements"; sourceTree = "<group>"; };
/* End PBXFileReference section */

/* Begin PBXFrameworksBuildPhase section */
		341FBABC2041E7AB00CD2F36 /* Frameworks */ = {
			isa = PBXFrameworksBuildPhase;
			buildActionMask = 2147483647;
			files = (
				341FBABD2041E7AB00CD2F36 /* libCore.a in Frameworks */,
				341FBABF2041E7AB00CD2F36 /* libUI.a in Frameworks */,
			);
			runOnlyForDeploymentPostprocessing = 0;
		};
		343400602030A1E700FC778F /* Frameworks */ = {
			isa = PBXFrameworksBuildPhase;
			buildActionMask = 2147483647;
			files = (
				343400B52030A61E00FC778F /* libCore.a in Frameworks */,
				343400B42030A61800FC778F /* libUI.a in Frameworks */,
				343400662030A1E700FC778F /* NotificationCenter.framework in Frameworks */,
			);
			runOnlyForDeploymentPostprocessing = 0;
		};
		3434007C2030A29600FC778F /* Frameworks */ = {
			isa = PBXFrameworksBuildPhase;
			buildActionMask = 2147483647;
			files = (
			);
			runOnlyForDeploymentPostprocessing = 0;
		};
		343400912030A2C200FC778F /* Frameworks */ = {
			isa = PBXFrameworksBuildPhase;
			buildActionMask = 2147483647;
			files = (
			);
			runOnlyForDeploymentPostprocessing = 0;
		};
		343400B82030D62300FC778F /* Frameworks */ = {
			isa = PBXFrameworksBuildPhase;
			buildActionMask = 2147483647;
			files = (
				343400DF2030D71A00FC778F /* libCore.a in Frameworks */,
				343400E02030D71A00FC778F /* libUI.a in Frameworks */,
			);
			runOnlyForDeploymentPostprocessing = 0;
		};
		34425DB621B8BAE100C8DD5F /* Frameworks */ = {
			isa = PBXFrameworksBuildPhase;
			buildActionMask = 2147483647;
			files = (
				34425DBE21B8BAE100C8DD5F /* libCore.a in Frameworks */,
			);
			runOnlyForDeploymentPostprocessing = 0;
		};
		34B1890221C1C8BA005ADD84 /* Frameworks */ = {
			isa = PBXFrameworksBuildPhase;
			buildActionMask = 2147483647;
			files = (
			);
			runOnlyForDeploymentPostprocessing = 0;
		};
/* End PBXFrameworksBuildPhase section */

/* Begin PBXGroup section */
		343400642030A1E700FC778F /* Frameworks */ = {
			isa = PBXGroup;
			children = (
				34BB8E5B204B5B9C0089F6C7 /* Foundation.framework */,
				343400652030A1E700FC778F /* NotificationCenter.framework */,
				34B188BA21C1A099005ADD84 /* IntentsUI.framework */,
			);
			name = Frameworks;
			sourceTree = "<group>";
		};
		3434F4BB2030A1A700FC778F = {
			isa = PBXGroup;
			children = (
				34B188CF21C1C5B0005ADD84 /* WXYC.entitlements */,
				AD4FAC2821B61AF5006C9995 /* WXYC TV.entitlements */,
				3434FBF32030A1CC00FC778F /* Shared */,
				3434FBE22030A1CC00FC778F /* iOS */,
				3434F4E72030A1C600FC778F /* Today Widget */,
				3434FC062030A1CC00FC778F /* tvOS */,
				344C0D88204B5A1C008FCB05 /* WXYC Tests */,
				34425DBA21B8BAE100C8DD5F /* Core Tests */,
				34B1890621C1C8BA005ADD84 /* iOS Intents Extension */,
				343400642030A1E700FC778F /* Frameworks */,
				3434F4C52030A1A700FC778F /* Products */,
			);
			indentWidth = 4;
			sourceTree = "<group>";
			tabWidth = 4;
		};
		3434F4C52030A1A700FC778F /* Products */ = {
			isa = PBXGroup;
			children = (
				343400632030A1E700FC778F /* Today Widget.appex */,
				3434007F2030A29600FC778F /* libCore.a */,
				343400942030A2C200FC778F /* libUI.a */,
				343400BB2030D62300FC778F /* WXYC TV.app */,
				341FBACC2041E7AB00CD2F36 /* WXYC.app */,
				34425DB921B8BAE100C8DD5F /* Core Tests.xctest */,
				34B1890521C1C8BA005ADD84 /* iOS Intents Extension.appex */,
			);
			name = Products;
			sourceTree = "<group>";
		};
		3434F4E72030A1C600FC778F /* Today Widget */ = {
			isa = PBXGroup;
			children = (
				3434F4E82030A1C600FC778F /* TodayViewController.swift */,
				3434F4E92030A1C600FC778F /* TodayMain.storyboard */,
				3434F4EB2030A1C600FC778F /* Info.plist */,
			);
			path = "Today Widget";
			sourceTree = "<group>";
		};
		3434FBE22030A1CC00FC778F /* iOS */ = {
			isa = PBXGroup;
			children = (
				3434FBED2030A1CC00FC778F /* Images.xcassets */,
				341FBACD2041E7AC00CD2F36 /* iOS Info.plist */,
				3434FBEC2030A1CC00FC778F /* InfoDetailViewController.swift */,
				3434FBE42030A1CC00FC778F /* InfoDetailViewController.xib */,
				3434FBF12030A1CC00FC778F /* PlaybackButton.swift */,
				348534A2222F4DF4002AA181 /* Playlist */,
				3441BFE421D171300087D6AB /* SpinningAnimation.swift */,
				34FA49A82231BD9C001D6040 /* InkingButton.swift */,
				345CF90B2307193A00865B56 /* RootPageViewController.swift */,
				345CF90D2307250A00865B56 /* iOSMain.storyboard */,
				3489DB3C278E137400264142 /* LaunchScreen.storyboard */,
			);
			path = iOS;
			sourceTree = "<group>";
		};
		3434FBF32030A1CC00FC778F /* Shared */ = {
			isa = PBXGroup;
			children = (
				3434FBF42030A1CC00FC778F /* UI */,
				3434FBF62030A1CC00FC778F /* Core */,
				3434FC012030A1CC00FC778F /* AppDelegate.swift */,
			);
			path = Shared;
			sourceTree = "<group>";
		};
		3434FBF42030A1CC00FC778F /* UI */ = {
			isa = PBXGroup;
			children = (
				3434FBF52030A1CC00FC778F /* NowPlayingPresentable.swift */,
				3434FBE72030A1CC00FC778F /* UIView+WXYC.swift */,
				3434FBEF2030A1CC00FC778F /* MPNowPlayingInfoCenter+NowPlayingServiceObserver.swift */,
			);
			path = UI;
			sourceTree = "<group>";
		};
		3434FBF62030A1CC00FC778F /* Core */ = {
			isa = PBXGroup;
			children = (
				3435D4A02225BD5B00EA9226 /* Models and Services */,
				3434FBFC2030A1CC00FC778F /* RadioPlayer.swift */,
				3435D4942225B9D100EA9226 /* Caching */,
				34D908542113EE4800AB8C79 /* RadioPlayerController.swift */,
				3435D4912224A2F900EA9226 /* ThreadSafe.swift */,
			);
			path = Core;
			sourceTree = "<group>";
		};
		3434FC062030A1CC00FC778F /* tvOS */ = {
			isa = PBXGroup;
			children = (
				3434FC072030A1CC00FC778F /* Assets.xcassets */,
				3434FC082030A1CC00FC778F /* TVMain.storyboard */,
				3434FC0A2030A1CC00FC778F /* TVViewController.swift */,
				3434FC0B2030A1CC00FC778F /* Info.plist */,
			);
			path = tvOS;
			sourceTree = "<group>";
		};
		3435D4942225B9D100EA9226 /* Caching */ = {
			isa = PBXGroup;
			children = (
				3434FBFE2030A1CC00FC778F /* CacheCoordinator.swift */,
				3435D4992225BAFE00EA9226 /* CachedRecord.swift */,
				3435D49B2225BB2000EA9226 /* Cache.swift */,
				3435D4952225B9E400EA9226 /* ImageCache.swift */,
			);
			path = Caching;
			sourceTree = "<group>";
		};
		3435D4A02225BD5B00EA9226 /* Models and Services */ = {
			isa = PBXGroup;
			children = (
				34425DA321B8A16E00C8DD5F /* ArtworkService.swift */,
				34B1882821BB29E0005ADD84 /* Discogs.swift */,
				3434FBFD2030A1CC00FC778F /* iTunes.swift */,
				3434FBFB2030A1CC00FC778F /* LastFM.swift */,
				3434FBFA2030A1CC00FC778F /* NowPlayingService.swift */,
				3434FBF72030A1CC00FC778F /* PlaylistEntry.swift */,
				34585ADF21C5AE9C009662FA /* PlaylistService.swift */,
				3434FBFF2030A1CC00FC778F /* RadioStation.swift */,
				34A2CA0121B9E46A00A31F48 /* ServiceTypes.swift */,
				34585AE221C71401009662FA /* URLSession+WebSession.swift */,
				3435D4A12225BE1300EA9226 /* PlaylistCacheKeys.swift */,
			);
			path = "Models and Services";
			sourceTree = "<group>";
		};
		34425DBA21B8BAE100C8DD5F /* Core Tests */ = {
			isa = PBXGroup;
			children = (
				348369202030F88A0029E28E /* NowPlayingServiceTests.swift */,
				34765F622030F33E005C8321 /* CacheTests.swift */,
				34425DBD21B8BAE100C8DD5F /* Info.plist */,
			);
			path = "Core Tests";
			sourceTree = "<group>";
		};
		344C0D88204B5A1C008FCB05 /* WXYC Tests */ = {
			isa = PBXGroup;
			children = (
				344C0D8B204B5A1C008FCB05 /* Info.plist */,
			);
			path = "WXYC Tests";
			sourceTree = "<group>";
		};
		348534A2222F4DF4002AA181 /* Playlist */ = {
			isa = PBXGroup;
			children = (
				34CEF91E22417AB900D120F7 /* Playlist Cells */,
				34585ADD21C5A3FD009662FA /* PlaylistViewController.swift */,
				34CEF91C22417AA400D120F7 /* PlaylistDataSource.swift */,
				34CEF91F22417B1C00D120F7 /* PlaylistCellViewModelProducer.swift */,
				34CEF92122417C0000D120F7 /* PlaycutActivityItem.swift */,
				34CEFA8D22419F5900D120F7 /* PlaylistCellViewModel.swift */,
			);
			path = Playlist;
			sourceTree = "<group>";
		};
		34B1890621C1C8BA005ADD84 /* iOS Intents Extension */ = {
			isa = PBXGroup;
			children = (
				34B1890721C1C8BA005ADD84 /* IntentHandler.swift */,
				34B1890921C1C8BA005ADD84 /* Info.plist */,
			);
			path = "iOS Intents Extension";
			sourceTree = "<group>";
		};
		34CEF91E22417AB900D120F7 /* Playlist Cells */ = {
			isa = PBXGroup;
			children = (
				348534A7222F4E6D002AA181 /* BreakpointCell.swift */,
				34FA49AE2238766A001D6040 /* BreakpointCell.xib */,
				348534A3222F4E0D002AA181 /* PlaycutCell.swift */,
				34FA49AA2236ED93001D6040 /* PlaycutCell.xib */,
				3441BFE221D145F40087D6AB /* PlayerHeader.swift */,
				348534A022287A65002AA181 /* PlayerHeader.xib */,
				348534A5222F4E51002AA181 /* TalksetCell.swift */,
				34FA49B0223876F0001D6040 /* TalksetCell.xib */,
			);
			path = "Playlist Cells";
			sourceTree = "<group>";
		};
/* End PBXGroup section */

/* Begin PBXNativeTarget section */
		341FBAB02041E7AB00CD2F36 /* WXYC */ = {
			isa = PBXNativeTarget;
			buildConfigurationList = 341FBAC92041E7AB00CD2F36 /* Build configuration list for PBXNativeTarget "WXYC" */;
			buildPhases = (
				341FBAB32041E7AB00CD2F36 /* Sources */,
				341FBABC2041E7AB00CD2F36 /* Frameworks */,
				341FBAC02041E7AB00CD2F36 /* Resources */,
				341FBAC72041E7AB00CD2F36 /* Embed App Extensions */,
			);
			buildRules = (
			);
			dependencies = (
				341FBAB12041E7AB00CD2F36 /* PBXTargetDependency */,
				34B1890B21C1C8BA005ADD84 /* PBXTargetDependency */,
			);
			name = WXYC;
			productName = WXYC;
			productReference = 341FBACC2041E7AB00CD2F36 /* WXYC.app */;
			productType = "com.apple.product-type.application";
		};
		343400622030A1E700FC778F /* Today Widget */ = {
			isa = PBXNativeTarget;
			buildConfigurationList = 343400712030A1E700FC778F /* Build configuration list for PBXNativeTarget "Today Widget" */;
			buildPhases = (
				3434005F2030A1E700FC778F /* Sources */,
				343400602030A1E700FC778F /* Frameworks */,
				343400612030A1E700FC778F /* Resources */,
			);
			buildRules = (
			);
			dependencies = (
			);
			name = "Today Widget";
			productName = "Today Widget";
			productReference = 343400632030A1E700FC778F /* Today Widget.appex */;
			productType = "com.apple.product-type.app-extension";
		};
		3434007E2030A29600FC778F /* Core */ = {
			isa = PBXNativeTarget;
			buildConfigurationList = 343400832030A29600FC778F /* Build configuration list for PBXNativeTarget "Core" */;
			buildPhases = (
				3434007B2030A29600FC778F /* Sources */,
				3434007C2030A29600FC778F /* Frameworks */,
				3434007D2030A29600FC778F /* CopyFiles */,
			);
			buildRules = (
			);
			dependencies = (
			);
			name = Core;
			productName = Core;
			productReference = 3434007F2030A29600FC778F /* libCore.a */;
			productType = "com.apple.product-type.library.static";
		};
		343400932030A2C200FC778F /* UI */ = {
			isa = PBXNativeTarget;
			buildConfigurationList = 343400982030A2C200FC778F /* Build configuration list for PBXNativeTarget "UI" */;
			buildPhases = (
				343400902030A2C200FC778F /* Sources */,
				343400912030A2C200FC778F /* Frameworks */,
				343400922030A2C200FC778F /* CopyFiles */,
			);
			buildRules = (
			);
			dependencies = (
				3434009D2030A2D500FC778F /* PBXTargetDependency */,
			);
			name = UI;
			productName = UI;
			productReference = 343400942030A2C200FC778F /* libUI.a */;
			productType = "com.apple.product-type.library.static";
		};
		343400BA2030D62300FC778F /* WXYC TV */ = {
			isa = PBXNativeTarget;
			buildConfigurationList = 343400D22030D62600FC778F /* Build configuration list for PBXNativeTarget "WXYC TV" */;
			buildPhases = (
				343400B72030D62300FC778F /* Sources */,
				343400B82030D62300FC778F /* Frameworks */,
				343400B92030D62300FC778F /* Resources */,
			);
			buildRules = (
			);
			dependencies = (
			);
			name = "WXYC TV";
			productName = "WXYC TV";
			productReference = 343400BB2030D62300FC778F /* WXYC TV.app */;
			productType = "com.apple.product-type.application";
		};
		34425DB821B8BAE100C8DD5F /* Core Tests */ = {
			isa = PBXNativeTarget;
			buildConfigurationList = 34425DC121B8BAE100C8DD5F /* Build configuration list for PBXNativeTarget "Core Tests" */;
			buildPhases = (
				34425DB521B8BAE100C8DD5F /* Sources */,
				34425DB621B8BAE100C8DD5F /* Frameworks */,
				34425DB721B8BAE100C8DD5F /* Resources */,
			);
			buildRules = (
			);
			dependencies = (
				34425DC021B8BAE100C8DD5F /* PBXTargetDependency */,
			);
			name = "Core Tests";
			productName = "Core Tests";
			productReference = 34425DB921B8BAE100C8DD5F /* Core Tests.xctest */;
			productType = "com.apple.product-type.bundle.unit-test";
		};
		34B1890421C1C8BA005ADD84 /* iOS Intents Extension */ = {
			isa = PBXNativeTarget;
			buildConfigurationList = 34B1890F21C1C8BA005ADD84 /* Build configuration list for PBXNativeTarget "iOS Intents Extension" */;
			buildPhases = (
				34B1890121C1C8BA005ADD84 /* Sources */,
				34B1890221C1C8BA005ADD84 /* Frameworks */,
				34B1890321C1C8BA005ADD84 /* Resources */,
			);
			buildRules = (
			);
			dependencies = (
			);
			name = "iOS Intents Extension";
			productName = "iOS Intents Extension";
			productReference = 34B1890521C1C8BA005ADD84 /* iOS Intents Extension.appex */;
			productType = "com.apple.product-type.app-extension";
		};
/* End PBXNativeTarget section */

/* Begin PBXProject section */
		3434F4BC2030A1A700FC778F /* Project object */ = {
			isa = PBXProject;
			attributes = {
				LastSwiftUpdateCheck = 1010;
				LastUpgradeCheck = 1310;
				ORGANIZATIONNAME = WXYC;
				TargetAttributes = {
					341FBAB02041E7AB00CD2F36 = {
						LastSwiftMigration = 1100;
						ProvisioningStyle = Automatic;
						SystemCapabilities = {
							com.apple.Siri = {
								enabled = 0;
							};
						};
					};
					343400622030A1E700FC778F = {
						CreatedOnToolsVersion = 9.3;
						LastSwiftMigration = 1100;
						ProvisioningStyle = Automatic;
					};
					3434007E2030A29600FC778F = {
						CreatedOnToolsVersion = 9.3;
						LastSwiftMigration = 1100;
						ProvisioningStyle = Automatic;
					};
					343400932030A2C200FC778F = {
						CreatedOnToolsVersion = 9.3;
						LastSwiftMigration = 1100;
						ProvisioningStyle = Automatic;
					};
					343400BA2030D62300FC778F = {
						CreatedOnToolsVersion = 9.3;
						ProvisioningStyle = Automatic;
						SystemCapabilities = {
							com.apple.ApplicationGroups.iOS = {
								enabled = 0;
							};
							com.apple.Keychain = {
								enabled = 0;
							};
						};
					};
					34425DB821B8BAE100C8DD5F = {
						CreatedOnToolsVersion = 10.1;
						ProvisioningStyle = Automatic;
					};
					34B1890421C1C8BA005ADD84 = {
						CreatedOnToolsVersion = 10.1;
						LastSwiftMigration = 1100;
						ProvisioningStyle = Automatic;
					};
				};
			};
			buildConfigurationList = 3434F4BF2030A1A700FC778F /* Build configuration list for PBXProject "WXYC" */;
			compatibilityVersion = "Xcode 8.0";
			developmentRegion = en;
			hasScannedForEncodings = 0;
			knownRegions = (
				en,
				Base,
			);
			mainGroup = 3434F4BB2030A1A700FC778F;
			productRefGroup = 3434F4C52030A1A700FC778F /* Products */;
			projectDirPath = "";
			projectRoot = "";
			targets = (
				341FBAB02041E7AB00CD2F36 /* WXYC */,
				343400622030A1E700FC778F /* Today Widget */,
				343400BA2030D62300FC778F /* WXYC TV */,
				3434007E2030A29600FC778F /* Core */,
				343400932030A2C200FC778F /* UI */,
				34425DB821B8BAE100C8DD5F /* Core Tests */,
				34B1890421C1C8BA005ADD84 /* iOS Intents Extension */,
			);
		};
/* End PBXProject section */

/* Begin PBXResourcesBuildPhase section */
		341FBAC02041E7AB00CD2F36 /* Resources */ = {
			isa = PBXResourcesBuildPhase;
			buildActionMask = 2147483647;
			files = (
				3489DB40278E174400264142 /* Images.xcassets in Resources */,
				34FA49AF2238766A001D6040 /* BreakpointCell.xib in Resources */,
				341FBAC12041E7AB00CD2F36 /* InfoDetailViewController.xib in Resources */,
				345CF90E2307250A00865B56 /* iOSMain.storyboard in Resources */,
				3489DB3D278E137400264142 /* LaunchScreen.storyboard in Resources */,
				348534A122287A65002AA181 /* PlayerHeader.xib in Resources */,
				34FA49AB2236ED93001D6040 /* PlaycutCell.xib in Resources */,
				34FA49B1223876F0001D6040 /* TalksetCell.xib in Resources */,
			);
			runOnlyForDeploymentPostprocessing = 0;
		};
		343400612030A1E700FC778F /* Resources */ = {
			isa = PBXResourcesBuildPhase;
			buildActionMask = 2147483647;
			files = (
				343400762030A21200FC778F /* TodayMain.storyboard in Resources */,
				34A067D120394267003D2919 /* Images.xcassets in Resources */,
			);
			runOnlyForDeploymentPostprocessing = 0;
		};
		343400B92030D62300FC778F /* Resources */ = {
			isa = PBXResourcesBuildPhase;
			buildActionMask = 2147483647;
			files = (
				343400F12030E45A00FC778F /* Images.xcassets in Resources */,
				343400D82030D6C800FC778F /* Assets.xcassets in Resources */,
				343400D92030D6D200FC778F /* TVMain.storyboard in Resources */,
			);
			runOnlyForDeploymentPostprocessing = 0;
		};
		34425DB721B8BAE100C8DD5F /* Resources */ = {
			isa = PBXResourcesBuildPhase;
			buildActionMask = 2147483647;
			files = (
			);
			runOnlyForDeploymentPostprocessing = 0;
		};
		34B1890321C1C8BA005ADD84 /* Resources */ = {
			isa = PBXResourcesBuildPhase;
			buildActionMask = 2147483647;
			files = (
			);
			runOnlyForDeploymentPostprocessing = 0;
		};
/* End PBXResourcesBuildPhase section */

/* Begin PBXSourcesBuildPhase section */
		341FBAB32041E7AB00CD2F36 /* Sources */ = {
			isa = PBXSourcesBuildPhase;
			buildActionMask = 2147483647;
			files = (
				34CEF92022417B1C00D120F7 /* PlaylistCellViewModelProducer.swift in Sources */,
				348534A6222F4E51002AA181 /* TalksetCell.swift in Sources */,
				345CF90C2307193A00865B56 /* RootPageViewController.swift in Sources */,
				34CEF92222417C0000D120F7 /* PlaycutActivityItem.swift in Sources */,
				341FBAB42041E7AB00CD2F36 /* PlaybackButton.swift in Sources */,
				348534A8222F4E6D002AA181 /* BreakpointCell.swift in Sources */,
				348534A4222F4E0D002AA181 /* PlaycutCell.swift in Sources */,
				34CEFA8E22419F5900D120F7 /* PlaylistCellViewModel.swift in Sources */,
				34CEF91D22417AA400D120F7 /* PlaylistDataSource.swift in Sources */,
				34FA49A92231BD9C001D6040 /* InkingButton.swift in Sources */,
				34585ADE21C5A3FD009662FA /* PlaylistViewController.swift in Sources */,
				3441BFE521D171300087D6AB /* SpinningAnimation.swift in Sources */,
				341FBABA2041E7AB00CD2F36 /* InfoDetailViewController.swift in Sources */,
				341FBABB2041E7AB00CD2F36 /* AppDelegate.swift in Sources */,
				3441BFE321D145F40087D6AB /* PlayerHeader.swift in Sources */,
			);
			runOnlyForDeploymentPostprocessing = 0;
		};
		3434005F2030A1E700FC778F /* Sources */ = {
			isa = PBXSourcesBuildPhase;
			buildActionMask = 2147483647;
			files = (
				343400752030A20D00FC778F /* TodayViewController.swift in Sources */,
				34A067CE20393E42003D2919 /* PlaylistEntry.swift in Sources */,
			);
			runOnlyForDeploymentPostprocessing = 0;
		};
		3434007B2030A29600FC778F /* Sources */ = {
			isa = PBXSourcesBuildPhase;
			buildActionMask = 2147483647;
			files = (
				343400862030A2AC00FC778F /* PlaylistEntry.swift in Sources */,
				3435D49D2225BB4C00EA9226 /* Cache.swift in Sources */,
				3435D49F2225BB8100EA9226 /* CachedRecord.swift in Sources */,
				3435D49E2225BB5A00EA9226 /* ImageCache.swift in Sources */,
				34D908562113EE5600AB8C79 /* RadioPlayerController.swift in Sources */,
				343400892030A2AC00FC778F /* NowPlayingService.swift in Sources */,
				3434008A2030A2AC00FC778F /* LastFM.swift in Sources */,
				34B1882A21BB2B98005ADD84 /* Discogs.swift in Sources */,
				3434008B2030A2AC00FC778F /* RadioPlayer.swift in Sources */,
				34A2CA0321B9E4B100A31F48 /* ServiceTypes.swift in Sources */,
				3434008C2030A2AC00FC778F /* iTunes.swift in Sources */,
				3434008D2030A2AC00FC778F /* CacheCoordinator.swift in Sources */,
				3435D4A32225BE1A00EA9226 /* PlaylistCacheKeys.swift in Sources */,
				3434008E2030A2AC00FC778F /* RadioStation.swift in Sources */,
				34425DA421B8A16E00C8DD5F /* ArtworkService.swift in Sources */,
				34585AE121C5AEA8009662FA /* PlaylistService.swift in Sources */,
				3435D4932224A34F00EA9226 /* ThreadSafe.swift in Sources */,
				34585AE421C7142D009662FA /* URLSession+WebSession.swift in Sources */,
			);
			runOnlyForDeploymentPostprocessing = 0;
		};
		343400902030A2C200FC778F /* Sources */ = {
			isa = PBXSourcesBuildPhase;
			buildActionMask = 2147483647;
			files = (
				3434009B2030A2CD00FC778F /* NowPlayingPresentable.swift in Sources */,
				343C15ED2453A1A600F18640 /* UIView+WXYC.swift in Sources */,
				343C15EE2453A1C500F18640 /* MPNowPlayingInfoCenter+NowPlayingServiceObserver.swift in Sources */,
			);
			runOnlyForDeploymentPostprocessing = 0;
		};
		343400B72030D62300FC778F /* Sources */ = {
			isa = PBXSourcesBuildPhase;
			buildActionMask = 2147483647;
			files = (
				343400EF2030E15000FC778F /* AppDelegate.swift in Sources */,
				343400DA2030D6D600FC778F /* TVViewController.swift in Sources */,
			);
			runOnlyForDeploymentPostprocessing = 0;
		};
		34425DB521B8BAE100C8DD5F /* Sources */ = {
			isa = PBXSourcesBuildPhase;
			buildActionMask = 2147483647;
			files = (
				34425DC521B8BB3900C8DD5F /* CacheTests.swift in Sources */,
			);
			runOnlyForDeploymentPostprocessing = 0;
		};
		34B1890121C1C8BA005ADD84 /* Sources */ = {
			isa = PBXSourcesBuildPhase;
			buildActionMask = 2147483647;
			files = (
				34B1890821C1C8BA005ADD84 /* IntentHandler.swift in Sources */,
			);
			runOnlyForDeploymentPostprocessing = 0;
		};
/* End PBXSourcesBuildPhase section */

/* Begin PBXTargetDependency section */
		341FBAB12041E7AB00CD2F36 /* PBXTargetDependency */ = {
			isa = PBXTargetDependency;
			target = 343400622030A1E700FC778F /* Today Widget */;
			targetProxy = 341FBAB22041E7AB00CD2F36 /* PBXContainerItemProxy */;
		};
		3434009D2030A2D500FC778F /* PBXTargetDependency */ = {
			isa = PBXTargetDependency;
			target = 3434007E2030A29600FC778F /* Core */;
			targetProxy = 3434009C2030A2D500FC778F /* PBXContainerItemProxy */;
		};
		34425DC021B8BAE100C8DD5F /* PBXTargetDependency */ = {
			isa = PBXTargetDependency;
			target = 3434007E2030A29600FC778F /* Core */;
			targetProxy = 34425DBF21B8BAE100C8DD5F /* PBXContainerItemProxy */;
		};
		34B1890B21C1C8BA005ADD84 /* PBXTargetDependency */ = {
			isa = PBXTargetDependency;
			target = 34B1890421C1C8BA005ADD84 /* iOS Intents Extension */;
			targetProxy = 34B1890A21C1C8BA005ADD84 /* PBXContainerItemProxy */;
		};
/* End PBXTargetDependency section */

/* Begin PBXVariantGroup section */
		3434F4E92030A1C600FC778F /* TodayMain.storyboard */ = {
			isa = PBXVariantGroup;
			children = (
				3434F4EA2030A1C600FC778F /* Base */,
			);
			name = TodayMain.storyboard;
			sourceTree = "<group>";
		};
		3434FC082030A1CC00FC778F /* TVMain.storyboard */ = {
			isa = PBXVariantGroup;
			children = (
				3434FC092030A1CC00FC778F /* Base */,
			);
			name = TVMain.storyboard;
			sourceTree = "<group>";
		};
/* End PBXVariantGroup section */

/* Begin XCBuildConfiguration section */
		341FBACA2041E7AB00CD2F36 /* Debug */ = {
			isa = XCBuildConfiguration;
			buildSettings = {
				ALWAYS_EMBED_SWIFT_STANDARD_LIBRARIES = YES;
				ASSETCATALOG_COMPILER_APPICON_NAME = AppIcon;
				CODE_SIGN_STYLE = Automatic;
				CURRENT_PROJECT_VERSION = 001;
				DEVELOPMENT_TEAM = 92V374HC38;
				INFOPLIST_FILE = "$(SRCROOT)/iOS/iOS Info.plist";
				IPHONEOS_DEPLOYMENT_TARGET = 15.0;
				LD_RUNPATH_SEARCH_PATHS = "$(inherited) @executable_path/Frameworks";
				MARKETING_VERSION = 2.3;
				PRODUCT_BUNDLE_IDENTIFIER = org.wxyc.iphoneapp;
				PRODUCT_NAME = "$(TARGET_NAME)";
				SWIFT_VERSION = 5.0;
			};
			name = Debug;
		};
		341FBACB2041E7AB00CD2F36 /* Release */ = {
			isa = XCBuildConfiguration;
			buildSettings = {
				ALWAYS_EMBED_SWIFT_STANDARD_LIBRARIES = YES;
				ASSETCATALOG_COMPILER_APPICON_NAME = AppIcon;
				CODE_SIGN_STYLE = Automatic;
				CURRENT_PROJECT_VERSION = 001;
				DEVELOPMENT_TEAM = 92V374HC38;
				INFOPLIST_FILE = "$(SRCROOT)/iOS/iOS Info.plist";
				IPHONEOS_DEPLOYMENT_TARGET = 15.0;
				LD_RUNPATH_SEARCH_PATHS = "$(inherited) @executable_path/Frameworks";
				MARKETING_VERSION = 2.3;
				PRODUCT_BUNDLE_IDENTIFIER = org.wxyc.iphoneapp;
				PRODUCT_NAME = "$(TARGET_NAME)";
				SWIFT_VERSION = 5.0;
			};
			name = Release;
		};
		343400722030A1E700FC778F /* Debug */ = {
			isa = XCBuildConfiguration;
			buildSettings = {
				CODE_SIGN_STYLE = Automatic;
				CURRENT_PROJECT_VERSION = 001;
				DEVELOPMENT_TEAM = 92V374HC38;
				INFOPLIST_FILE = "$(SRCROOT)/Today Widget/Info.plist";
				LD_RUNPATH_SEARCH_PATHS = "$(inherited) @executable_path/Frameworks @executable_path/../../Frameworks";
				MARKETING_VERSION = 2.3;
				PRODUCT_BUNDLE_IDENTIFIER = "org.wxyc.iphoneapp.today-widget";
				PRODUCT_NAME = "$(TARGET_NAME)";
				SKIP_INSTALL = YES;
				SWIFT_VERSION = 5.0;
			};
			name = Debug;
		};
		343400732030A1E700FC778F /* Release */ = {
			isa = XCBuildConfiguration;
			buildSettings = {
				CODE_SIGN_STYLE = Automatic;
				CURRENT_PROJECT_VERSION = 001;
				DEVELOPMENT_TEAM = 92V374HC38;
				INFOPLIST_FILE = "$(SRCROOT)/Today Widget/Info.plist";
				LD_RUNPATH_SEARCH_PATHS = "$(inherited) @executable_path/Frameworks @executable_path/../../Frameworks";
				MARKETING_VERSION = 2.3;
				PRODUCT_BUNDLE_IDENTIFIER = "org.wxyc.iphoneapp.today-widget";
				PRODUCT_NAME = "$(TARGET_NAME)";
				SKIP_INSTALL = YES;
				SWIFT_VERSION = 5.0;
			};
			name = Release;
		};
		343400842030A29600FC778F /* Debug */ = {
			isa = XCBuildConfiguration;
			buildSettings = {
				CODE_SIGN_STYLE = Automatic;
				DEVELOPMENT_TEAM = 92V374HC38;
				OTHER_LDFLAGS = "-ObjC";
				PRODUCT_NAME = "$(TARGET_NAME)";
				SKIP_INSTALL = YES;
				SUPPORTED_PLATFORMS = "appletvsimulator appletvos iphonesimulator iphoneos";
				SWIFT_VERSION = 5.0;
				TARGETED_DEVICE_FAMILY = "1,2";
			};
			name = Debug;
		};
		343400852030A29600FC778F /* Release */ = {
			isa = XCBuildConfiguration;
			buildSettings = {
				CODE_SIGN_STYLE = Automatic;
				DEVELOPMENT_TEAM = 92V374HC38;
				OTHER_LDFLAGS = "-ObjC";
				PRODUCT_NAME = "$(TARGET_NAME)";
				SKIP_INSTALL = YES;
				SUPPORTED_PLATFORMS = "appletvsimulator appletvos iphonesimulator iphoneos";
				SWIFT_VERSION = 5.0;
				TARGETED_DEVICE_FAMILY = "1,2";
			};
			name = Release;
		};
		343400992030A2C200FC778F /* Debug */ = {
			isa = XCBuildConfiguration;
			buildSettings = {
				CODE_SIGN_STYLE = Automatic;
				DEVELOPMENT_TEAM = 92V374HC38;
				OTHER_LDFLAGS = "-ObjC";
				PRODUCT_NAME = "$(TARGET_NAME)";
				SKIP_INSTALL = YES;
				SUPPORTED_PLATFORMS = "appletvsimulator appletvos iphonesimulator iphoneos";
				SWIFT_VERSION = 5.0;
				TARGETED_DEVICE_FAMILY = "1,2";
			};
			name = Debug;
		};
		3434009A2030A2C200FC778F /* Release */ = {
			isa = XCBuildConfiguration;
			buildSettings = {
				CODE_SIGN_STYLE = Automatic;
				DEVELOPMENT_TEAM = 92V374HC38;
				OTHER_LDFLAGS = "-ObjC";
				PRODUCT_NAME = "$(TARGET_NAME)";
				SKIP_INSTALL = YES;
				SUPPORTED_PLATFORMS = "appletvsimulator appletvos iphonesimulator iphoneos";
				SWIFT_VERSION = 5.0;
				TARGETED_DEVICE_FAMILY = "1,2";
			};
			name = Release;
		};
		343400D32030D62600FC778F /* Debug */ = {
			isa = XCBuildConfiguration;
			buildSettings = {
				ASSETCATALOG_COMPILER_APPICON_NAME = "App Icon & Top Shelf Image";
				ASSETCATALOG_COMPILER_LAUNCHIMAGE_NAME = LaunchImage;
				CODE_SIGN_STYLE = Automatic;
				CURRENT_PROJECT_VERSION = 001;
				DEVELOPMENT_TEAM = 92V374HC38;
				INFOPLIST_FILE = "$(SRCROOT)/tvOS/Info.plist";
				LD_RUNPATH_SEARCH_PATHS = "$(inherited) @executable_path/Frameworks";
				MARKETING_VERSION = 2.3;
				PRODUCT_BUNDLE_IDENTIFIER = "org.wxyc.iphoneapp.tv-app";
				PRODUCT_NAME = "$(TARGET_NAME)";
				SDKROOT = appletvos;
				TARGETED_DEVICE_FAMILY = 3;
			};
			name = Debug;
		};
		343400D42030D62600FC778F /* Release */ = {
			isa = XCBuildConfiguration;
			buildSettings = {
				ASSETCATALOG_COMPILER_APPICON_NAME = "App Icon & Top Shelf Image";
				ASSETCATALOG_COMPILER_LAUNCHIMAGE_NAME = LaunchImage;
				CODE_SIGN_STYLE = Automatic;
				CURRENT_PROJECT_VERSION = 001;
				DEVELOPMENT_TEAM = 92V374HC38;
				INFOPLIST_FILE = "$(SRCROOT)/tvOS/Info.plist";
				LD_RUNPATH_SEARCH_PATHS = "$(inherited) @executable_path/Frameworks";
				MARKETING_VERSION = 2.3;
				PRODUCT_BUNDLE_IDENTIFIER = "org.wxyc.iphoneapp.tv-app";
				PRODUCT_NAME = "$(TARGET_NAME)";
				SDKROOT = appletvos;
				TARGETED_DEVICE_FAMILY = 3;
			};
			name = Release;
		};
		3434F4DF2030A1A900FC778F /* Debug */ = {
			isa = XCBuildConfiguration;
			buildSettings = {
				ALWAYS_SEARCH_USER_PATHS = NO;
				CLANG_ANALYZER_NONNULL = YES;
				CLANG_ANALYZER_NUMBER_OBJECT_CONVERSION = YES_AGGRESSIVE;
				CLANG_CXX_LANGUAGE_STANDARD = "gnu++14";
				CLANG_CXX_LIBRARY = "libc++";
				CLANG_ENABLE_MODULES = YES;
				CLANG_ENABLE_OBJC_ARC = YES;
				CLANG_ENABLE_OBJC_WEAK = YES;
				CLANG_WARN_BLOCK_CAPTURE_AUTORELEASING = YES;
				CLANG_WARN_BOOL_CONVERSION = YES;
				CLANG_WARN_COMMA = YES;
				CLANG_WARN_CONSTANT_CONVERSION = YES;
				CLANG_WARN_DEPRECATED_OBJC_IMPLEMENTATIONS = YES;
				CLANG_WARN_DIRECT_OBJC_ISA_USAGE = YES_ERROR;
				CLANG_WARN_DOCUMENTATION_COMMENTS = YES;
				CLANG_WARN_EMPTY_BODY = YES;
				CLANG_WARN_ENUM_CONVERSION = YES;
				CLANG_WARN_INFINITE_RECURSION = YES;
				CLANG_WARN_INT_CONVERSION = YES;
				CLANG_WARN_NON_LITERAL_NULL_CONVERSION = YES;
				CLANG_WARN_OBJC_IMPLICIT_RETAIN_SELF = YES;
				CLANG_WARN_OBJC_LITERAL_CONVERSION = YES;
				CLANG_WARN_OBJC_ROOT_CLASS = YES_ERROR;
				CLANG_WARN_QUOTED_INCLUDE_IN_FRAMEWORK_HEADER = YES;
				CLANG_WARN_RANGE_LOOP_ANALYSIS = YES;
				CLANG_WARN_STRICT_PROTOTYPES = YES;
				CLANG_WARN_SUSPICIOUS_MOVE = YES;
				CLANG_WARN_UNGUARDED_AVAILABILITY = YES_AGGRESSIVE;
				CLANG_WARN_UNREACHABLE_CODE = YES;
				CLANG_WARN__DUPLICATE_METHOD_MATCH = YES;
				CODE_SIGN_IDENTITY = "iPhone Developer";
				COPY_PHASE_STRIP = NO;
				DEBUG_INFORMATION_FORMAT = dwarf;
				ENABLE_STRICT_OBJC_MSGSEND = YES;
				ENABLE_TESTABILITY = YES;
				GCC_C_LANGUAGE_STANDARD = gnu11;
				GCC_DYNAMIC_NO_PIC = NO;
				GCC_NO_COMMON_BLOCKS = YES;
				GCC_OPTIMIZATION_LEVEL = 0;
				GCC_PREPROCESSOR_DEFINITIONS = (
					"DEBUG=1",
					"$(inherited)",
				);
				GCC_WARN_64_TO_32_BIT_CONVERSION = YES;
				GCC_WARN_ABOUT_RETURN_TYPE = YES_ERROR;
				GCC_WARN_UNDECLARED_SELECTOR = YES;
				GCC_WARN_UNINITIALIZED_AUTOS = YES_AGGRESSIVE;
				GCC_WARN_UNUSED_FUNCTION = YES;
				GCC_WARN_UNUSED_VARIABLE = YES;
				IPHONEOS_DEPLOYMENT_TARGET = 15.0;
				MODULE_NAME = WXYC;
				MTL_ENABLE_DEBUG_INFO = YES;
				ONLY_ACTIVE_ARCH = YES;
				SDKROOT = iphoneos;
				SWIFT_ACTIVE_COMPILATION_CONDITIONS = DEBUG;
				SWIFT_OPTIMIZATION_LEVEL = "-Onone";
				SWIFT_VERSION = 4.2;
				TARGETED_DEVICE_FAMILY = "1,2";
			};
			name = Debug;
		};
		3434F4E02030A1A900FC778F /* Release */ = {
			isa = XCBuildConfiguration;
			buildSettings = {
				ALWAYS_SEARCH_USER_PATHS = NO;
				CLANG_ANALYZER_NONNULL = YES;
				CLANG_ANALYZER_NUMBER_OBJECT_CONVERSION = YES_AGGRESSIVE;
				CLANG_CXX_LANGUAGE_STANDARD = "gnu++14";
				CLANG_CXX_LIBRARY = "libc++";
				CLANG_ENABLE_MODULES = YES;
				CLANG_ENABLE_OBJC_ARC = YES;
				CLANG_ENABLE_OBJC_WEAK = YES;
				CLANG_WARN_BLOCK_CAPTURE_AUTORELEASING = YES;
				CLANG_WARN_BOOL_CONVERSION = YES;
				CLANG_WARN_COMMA = YES;
				CLANG_WARN_CONSTANT_CONVERSION = YES;
				CLANG_WARN_DEPRECATED_OBJC_IMPLEMENTATIONS = YES;
				CLANG_WARN_DIRECT_OBJC_ISA_USAGE = YES_ERROR;
				CLANG_WARN_DOCUMENTATION_COMMENTS = YES;
				CLANG_WARN_EMPTY_BODY = YES;
				CLANG_WARN_ENUM_CONVERSION = YES;
				CLANG_WARN_INFINITE_RECURSION = YES;
				CLANG_WARN_INT_CONVERSION = YES;
				CLANG_WARN_NON_LITERAL_NULL_CONVERSION = YES;
				CLANG_WARN_OBJC_IMPLICIT_RETAIN_SELF = YES;
				CLANG_WARN_OBJC_LITERAL_CONVERSION = YES;
				CLANG_WARN_OBJC_ROOT_CLASS = YES_ERROR;
				CLANG_WARN_QUOTED_INCLUDE_IN_FRAMEWORK_HEADER = YES;
				CLANG_WARN_RANGE_LOOP_ANALYSIS = YES;
				CLANG_WARN_STRICT_PROTOTYPES = YES;
				CLANG_WARN_SUSPICIOUS_MOVE = YES;
				CLANG_WARN_UNGUARDED_AVAILABILITY = YES_AGGRESSIVE;
				CLANG_WARN_UNREACHABLE_CODE = YES;
				CLANG_WARN__DUPLICATE_METHOD_MATCH = YES;
				CODE_SIGN_IDENTITY = "iPhone Developer";
				COPY_PHASE_STRIP = NO;
				DEBUG_INFORMATION_FORMAT = "dwarf-with-dsym";
				ENABLE_NS_ASSERTIONS = NO;
				ENABLE_STRICT_OBJC_MSGSEND = YES;
				GCC_C_LANGUAGE_STANDARD = gnu11;
				GCC_NO_COMMON_BLOCKS = YES;
				GCC_WARN_64_TO_32_BIT_CONVERSION = YES;
				GCC_WARN_ABOUT_RETURN_TYPE = YES_ERROR;
				GCC_WARN_UNDECLARED_SELECTOR = YES;
				GCC_WARN_UNINITIALIZED_AUTOS = YES_AGGRESSIVE;
				GCC_WARN_UNUSED_FUNCTION = YES;
				GCC_WARN_UNUSED_VARIABLE = YES;
				IPHONEOS_DEPLOYMENT_TARGET = 15.0;
				MODULE_NAME = WXYC;
				MTL_ENABLE_DEBUG_INFO = NO;
				SDKROOT = iphoneos;
				SWIFT_OPTIMIZATION_LEVEL = "-Owholemodule";
				SWIFT_VERSION = 4.2;
				TARGETED_DEVICE_FAMILY = "1,2";
				VALIDATE_PRODUCT = YES;
			};
			name = Release;
		};
		34425DC221B8BAE100C8DD5F /* Debug */ = {
			isa = XCBuildConfiguration;
			buildSettings = {
				CODE_SIGN_STYLE = Automatic;
				DEVELOPMENT_TEAM = P8QACM85EZ;
				INFOPLIST_FILE = "Core Tests/Info.plist";
				LD_RUNPATH_SEARCH_PATHS = "$(inherited) @executable_path/Frameworks @loader_path/Frameworks";
				MTL_ENABLE_DEBUG_INFO = INCLUDE_SOURCE;
				MTL_FAST_MATH = YES;
				PRODUCT_BUNDLE_IDENTIFIER = "org.wxyc.Core-Tests";
				PRODUCT_NAME = "$(TARGET_NAME)";
				TARGETED_DEVICE_FAMILY = "1,2";
			};
			name = Debug;
		};
		34425DC321B8BAE100C8DD5F /* Release */ = {
			isa = XCBuildConfiguration;
			buildSettings = {
				CODE_SIGN_STYLE = Automatic;
				DEVELOPMENT_TEAM = P8QACM85EZ;
				INFOPLIST_FILE = "Core Tests/Info.plist";
				LD_RUNPATH_SEARCH_PATHS = "$(inherited) @executable_path/Frameworks @loader_path/Frameworks";
				MTL_FAST_MATH = YES;
				PRODUCT_BUNDLE_IDENTIFIER = "org.wxyc.Core-Tests";
				PRODUCT_NAME = "$(TARGET_NAME)";
				TARGETED_DEVICE_FAMILY = "1,2";
			};
			name = Release;
		};
		34B1890D21C1C8BA005ADD84 /* Debug */ = {
			isa = XCBuildConfiguration;
			buildSettings = {
				CODE_SIGN_STYLE = Automatic;
				CURRENT_PROJECT_VERSION = 001;
				DEVELOPMENT_TEAM = 92V374HC38;
				INFOPLIST_FILE = "iOS Intents Extension/Info.plist";
				LD_RUNPATH_SEARCH_PATHS = "$(inherited) @executable_path/Frameworks @executable_path/../../Frameworks";
				MARKETING_VERSION = 2.3;
				MTL_ENABLE_DEBUG_INFO = INCLUDE_SOURCE;
				MTL_FAST_MATH = YES;
				PRODUCT_BUNDLE_IDENTIFIER = "org.wxyc.iphoneapp.iOS-Intents-Extension";
				PRODUCT_NAME = "$(TARGET_NAME)";
				SKIP_INSTALL = YES;
				SWIFT_VERSION = 5.0;
				TARGETED_DEVICE_FAMILY = "1,2";
			};
			name = Debug;
		};
		34B1890E21C1C8BA005ADD84 /* Release */ = {
			isa = XCBuildConfiguration;
			buildSettings = {
				CODE_SIGN_STYLE = Automatic;
				CURRENT_PROJECT_VERSION = 001;
				DEVELOPMENT_TEAM = 92V374HC38;
				INFOPLIST_FILE = "iOS Intents Extension/Info.plist";
				LD_RUNPATH_SEARCH_PATHS = "$(inherited) @executable_path/Frameworks @executable_path/../../Frameworks";
				MARKETING_VERSION = 2.3;
				MTL_FAST_MATH = YES;
				PRODUCT_BUNDLE_IDENTIFIER = "org.wxyc.iphoneapp.iOS-Intents-Extension";
				PRODUCT_NAME = "$(TARGET_NAME)";
				SKIP_INSTALL = YES;
				SWIFT_VERSION = 5.0;
				TARGETED_DEVICE_FAMILY = "1,2";
			};
			name = Release;
		};
/* End XCBuildConfiguration section */

/* Begin XCConfigurationList section */
		341FBAC92041E7AB00CD2F36 /* Build configuration list for PBXNativeTarget "WXYC" */ = {
			isa = XCConfigurationList;
			buildConfigurations = (
				341FBACA2041E7AB00CD2F36 /* Debug */,
				341FBACB2041E7AB00CD2F36 /* Release */,
			);
			defaultConfigurationIsVisible = 0;
			defaultConfigurationName = Release;
		};
		343400712030A1E700FC778F /* Build configuration list for PBXNativeTarget "Today Widget" */ = {
			isa = XCConfigurationList;
			buildConfigurations = (
				343400722030A1E700FC778F /* Debug */,
				343400732030A1E700FC778F /* Release */,
			);
			defaultConfigurationIsVisible = 0;
			defaultConfigurationName = Release;
		};
		343400832030A29600FC778F /* Build configuration list for PBXNativeTarget "Core" */ = {
			isa = XCConfigurationList;
			buildConfigurations = (
				343400842030A29600FC778F /* Debug */,
				343400852030A29600FC778F /* Release */,
			);
			defaultConfigurationIsVisible = 0;
			defaultConfigurationName = Release;
		};
		343400982030A2C200FC778F /* Build configuration list for PBXNativeTarget "UI" */ = {
			isa = XCConfigurationList;
			buildConfigurations = (
				343400992030A2C200FC778F /* Debug */,
				3434009A2030A2C200FC778F /* Release */,
			);
			defaultConfigurationIsVisible = 0;
			defaultConfigurationName = Release;
		};
		343400D22030D62600FC778F /* Build configuration list for PBXNativeTarget "WXYC TV" */ = {
			isa = XCConfigurationList;
			buildConfigurations = (
				343400D32030D62600FC778F /* Debug */,
				343400D42030D62600FC778F /* Release */,
			);
			defaultConfigurationIsVisible = 0;
			defaultConfigurationName = Release;
		};
		3434F4BF2030A1A700FC778F /* Build configuration list for PBXProject "WXYC" */ = {
			isa = XCConfigurationList;
			buildConfigurations = (
				3434F4DF2030A1A900FC778F /* Debug */,
				3434F4E02030A1A900FC778F /* Release */,
			);
			defaultConfigurationIsVisible = 0;
			defaultConfigurationName = Release;
		};
		34425DC121B8BAE100C8DD5F /* Build configuration list for PBXNativeTarget "Core Tests" */ = {
			isa = XCConfigurationList;
			buildConfigurations = (
				34425DC221B8BAE100C8DD5F /* Debug */,
				34425DC321B8BAE100C8DD5F /* Release */,
			);
			defaultConfigurationIsVisible = 0;
			defaultConfigurationName = Release;
		};
		34B1890F21C1C8BA005ADD84 /* Build configuration list for PBXNativeTarget "iOS Intents Extension" */ = {
			isa = XCConfigurationList;
			buildConfigurations = (
				34B1890D21C1C8BA005ADD84 /* Debug */,
				34B1890E21C1C8BA005ADD84 /* Release */,
			);
			defaultConfigurationIsVisible = 0;
			defaultConfigurationName = Release;
		};
/* End XCConfigurationList section */
	};
	rootObject = 3434F4BC2030A1A700FC778F /* Project object */;
}
