{
  "originHash" : "42bcf6b25da77fe19565147cea0030884199cbb47277aad7682301902041fc5e",
  "pins" : [
    {
      "identity" : "lerpable",
      "kind" : "remoteSourceControl",
      "location" : "https://github.com/jakebromberg/Lerpable.git",
      "state" : {
        "revision" : "a2a6f2fd4b0ecd8ea7540fc92514d1728d4c65f6",
        "version" : "0.1.0"
      }
    },
    {
      "identity" : "posthog-ios",
      "kind" : "remoteSourceControl",
      "location" : "https://github.com/PostHog/posthog-ios.git",
      "state" : {
        "revision" : "15c15c48cfe55613255badb2ff23a0359a743293",
        "version" : "3.59.2"
      }
    },
    {
      "identity" : "swift-syntax",
      "kind" : "remoteSourceControl",
      "location" : "https://github.com/swiftlang/swift-syntax",
      "state" : {
        "revision" : "4799286537280063c85a32f09884cfbca301b1a1",
        "version" : "602.0.0"
      }
    }
  ],
  "version" : 3
}
